
Microsoft Visual Studio Solution File, Format Version 12.00
# Visual Studio 14
VisualStudioVersion = 14.0.25420.1
MinimumVisualStudioVersion = 10.0.40219.1
Project("{FAE04EC0-301F-11D3-BF4B-00C04F79EFBC}") = "GeometricFigureTester", "GeometricFigureTester\GeometricFigureTester.csproj", "{CDF74580-8336-4A82-A68C-E65F3669240A}"
EndProject
Project("{FAE04EC0-301F-11D3-BF4B-00C04F79EFBC}") = "BankProject", "BankProject\BankProject.csproj", "{93C835B1-F1E9-4885-935D-EB0B8CB5F085}"
EndProject
Project("{FAE04EC0-301F-11D3-BF4B-00C04F79EFBC}") = "Animal", "Animal\Animal.csproj", "{653ABF4C-A04A-4AA2-99BE-563FA51E8B99}"
EndProject
Global
	GlobalSection(SolutionConfigurationPlatforms) = preSolution
		Debug|Any CPU = Debug|Any CPU
		Release|Any CPU = Release|Any CPU
	EndGlobalSection
	GlobalSection(ProjectConfigurationPlatforms) = postSolution
		{CDF74580-8336-4A82-A68C-E65F3669240A}.Debug|Any CPU.ActiveCfg = Debug|Any CPU
		{CDF74580-8336-4A82-A68C-E65F3669240A}.Debug|Any CPU.Build.0 = Debug|Any CPU
		{CDF74580-8336-4A82-A68C-E65F3669240A}.Release|Any CPU.ActiveCfg = Release|Any CPU
		{CDF74580-8336-4A82-A68C-E65F3669240A}.Release|Any CPU.Build.0 = Release|Any CPU
		{93C835B1-F1E9-4885-935D-EB0B8CB5F085}.Debug|Any CPU.ActiveCfg = Debug|Any CPU
		{93C835B1-F1E9-4885-935D-EB0B8CB5F085}.Debug|Any CPU.Build.0 = Debug|Any CPU
		{93C835B1-F1E9-4885-935D-EB0B8CB5F085}.Release|Any CPU.ActiveCfg = Release|Any CPU
		{93C835B1-F1E9-4885-935D-EB0B8CB5F085}.Release|Any CPU.Build.0 = Release|Any CPU
		{653ABF4C-A04A-4AA2-99BE-563FA51E8B99}.Debug|Any CPU.ActiveCfg = Debug|Any CPU
		{653ABF4C-A04A-4AA2-99BE-563FA51E8B99}.Debug|Any CPU.Build.0 = Debug|Any CPU
		{653ABF4C-A04A-4AA2-99BE-563FA51E8B99}.Release|Any CPU.ActiveCfg = Release|Any CPU
		{653ABF4C-A04A-4AA2-99BE-563FA51E8B99}.Release|Any CPU.Build.0 = Release|Any CPU
	EndGlobalSection
	GlobalSection(SolutionProperties) = preSolution
		HideSolutionNode = FALSE
	EndGlobalSection
EndGlobal
